
Microsoft Visual Studio Solution File, Format Version 12.00
# Visual Studio 2013
VisualStudioVersion = 12.0.21005.1
MinimumVisualStudioVersion = 10.0.40219.1
Project("{FAE04EC0-301F-11D3-BF4B-00C04F79EFBC}") = "HwLogger", "HwLogger\HwLogger.csproj", "{16994F40-BC10-48B0-A906-34B7E9428CEE}"
EndProject
Global
	GlobalSection(SolutionConfigurationPlatforms) = preSolution
		Debug|Any CPU = Debug|Any CPU
		Release|Any CPU = Release|Any CPU
	EndGlobalSection
	GlobalSection(ProjectConfigurationPlatforms) = postSolution
		{16994F40-BC10-48B0-A906-34B7E9428CEE}.Debug|Any CPU.ActiveCfg = Debug|Any CPU
		{16994F40-BC10-48B0-A906-34B7E9428CEE}.Debug|Any CPU.Build.0 = Debug|Any CPU
		{16994F40-BC10-48B0-A906-34B7E9428CEE}.Release|Any CPU.ActiveCfg = Release|Any CPU
		{16994F40-BC10-48B0-A906-34B7E9428CEE}.Release|Any CPU.Build.0 = Release|Any CPU
	EndGlobalSection
	GlobalSection(SolutionProperties) = preSolution
		HideSolutionNode = FALSE
	EndGlobalSection
EndGlobal
